
Microsoft Visual Studio Solution File, Format Version 12.00
# Visual Studio Version 17
VisualStudioVersion = 17.11.35219.272
MinimumVisualStudioVersion = 10.0.40219.1
Project("{FAE04EC0-301F-11D3-BF4B-00C04F79EFBC}") = "Definitivo CUDI2", "Definitivo CUDI2\Definitivo CUDI2.csproj", "{C26A3330-B261-4C8A-AC6C-4C123896FD89}"
EndProject
Global
	GlobalSection(SolutionConfigurationPlatforms) = preSolution
		Debug|Any CPU = Debug|Any CPU
		Release|Any CPU = Release|Any CPU
	EndGlobalSection
	GlobalSection(ProjectConfigurationPlatforms) = postSolution
		{C26A3330-B261-4C8A-AC6C-4C123896FD89}.Debug|Any CPU.ActiveCfg = Debug|Any CPU
		{C26A3330-B261-4C8A-AC6C-4C123896FD89}.Debug|Any CPU.Build.0 = Debug|Any CPU
		{C26A3330-B261-4C8A-AC6C-4C123896FD89}.Release|Any CPU.ActiveCfg = Release|Any CPU
		{C26A3330-B261-4C8A-AC6C-4C123896FD89}.Release|Any CPU.Build.0 = Release|Any CPU
	EndGlobalSection
	GlobalSection(SolutionProperties) = preSolution
		HideSolutionNode = FALSE
	EndGlobalSection
	GlobalSection(ExtensibilityGlobals) = postSolution
		SolutionGuid = {472CBA20-5AA2-47C6-9588-1D369EB403D8}
	EndGlobalSection
EndGlobal
